
Microsoft Visual Studio Solution File, Format Version 11.00
# Visual Studio 2010
Project("{FAE04EC0-301F-11D3-BF4B-00C04F79EFBC}") = "Assembly-CSharp", "Assembly-CSharp.csproj", "{705a8cb5-b8a4-c29d-f00c-0fa99a90b34b}"
EndProject
Project("{FAE04EC0-301F-11D3-BF4B-00C04F79EFBC}") = "Assembly-CSharp-firstpass", "Assembly-CSharp-firstpass.csproj", "{97ed30da-9acd-ea4d-194a-3883bd9a21dd}"
EndProject
Project("{FAE04EC0-301F-11D3-BF4B-00C04F79EFBC}") = "Assembly-CSharp-Editor", "Assembly-CSharp-Editor.csproj", "{8fbacb67-69ce-6527-55a5-c00f109ada4f}"
EndProject
Global
	GlobalSection(SolutionConfigurationPlatforms) = preSolution
		Debug|Any CPU = Debug|Any CPU
	EndGlobalSection
	GlobalSection(ProjectConfigurationPlatforms) = postSolution
		{705a8cb5-b8a4-c29d-f00c-0fa99a90b34b}.Debug|Any CPU.ActiveCfg = Debug|Any CPU
		{705a8cb5-b8a4-c29d-f00c-0fa99a90b34b}.Debug|Any CPU.Build.0 = Debug|Any CPU
		{97ed30da-9acd-ea4d-194a-3883bd9a21dd}.Debug|Any CPU.ActiveCfg = Debug|Any CPU
		{97ed30da-9acd-ea4d-194a-3883bd9a21dd}.Debug|Any CPU.Build.0 = Debug|Any CPU
		{8fbacb67-69ce-6527-55a5-c00f109ada4f}.Debug|Any CPU.ActiveCfg = Debug|Any CPU
		{8fbacb67-69ce-6527-55a5-c00f109ada4f}.Debug|Any CPU.Build.0 = Debug|Any CPU
	EndGlobalSection
	GlobalSection(SolutionProperties) = preSolution
		HideSolutionNode = FALSE
	EndGlobalSection
EndGlobal
