
Microsoft Visual Studio Solution File, Format Version 12.00
# Visual Studio 2017
Project("{FAE04EC0-301F-11D3-BF4B-00C04F79EFBC}") = "Monobanda-BallVR", "Monobanda-BallVR.csproj", "{C71A6A92-76B8-659B-B890-18243449A280}"
EndProject
Project("{FAE04EC0-301F-11D3-BF4B-00C04F79EFBC}") = "Monobanda-BallVR.Editor", "Monobanda-BallVR.Editor.csproj", "{455D929B-E50B-F4CC-6F52-236BEACEA968}"
EndProject
Global
	GlobalSection(SolutionConfigurationPlatforms) = preSolution
		Debug|Any CPU = Debug|Any CPU
		Release|Any CPU = Release|Any CPU
	EndGlobalSection
	GlobalSection(ProjectConfigurationPlatforms) = postSolution
		{C71A6A92-76B8-659B-B890-18243449A280}.Debug|Any CPU.ActiveCfg = Debug|Any CPU
		{C71A6A92-76B8-659B-B890-18243449A280}.Debug|Any CPU.Build.0 = Debug|Any CPU
		{C71A6A92-76B8-659B-B890-18243449A280}.Release|Any CPU.ActiveCfg = Release|Any CPU
		{C71A6A92-76B8-659B-B890-18243449A280}.Release|Any CPU.Build.0 = Release|Any CPU
		{455D929B-E50B-F4CC-6F52-236BEACEA968}.Debug|Any CPU.ActiveCfg = Debug|Any CPU
		{455D929B-E50B-F4CC-6F52-236BEACEA968}.Debug|Any CPU.Build.0 = Debug|Any CPU
		{455D929B-E50B-F4CC-6F52-236BEACEA968}.Release|Any CPU.ActiveCfg = Release|Any CPU
		{455D929B-E50B-F4CC-6F52-236BEACEA968}.Release|Any CPU.Build.0 = Release|Any CPU
	EndGlobalSection
	GlobalSection(SolutionProperties) = preSolution
		HideSolutionNode = FALSE
	EndGlobalSection
EndGlobal
