
Microsoft Visual Studio Solution File, Format Version 12.00
# Visual Studio 15
Project("{FAE04EC0-301F-11D3-BF4B-00C04F79EFBC}") = "Assembly-CSharp", "Assembly-CSharp.csproj", "{B58C5A70-A4B8-9DC2-F00C-0FA99A90B34B}"
EndProject
Project("{FAE04EC0-301F-11D3-BF4B-00C04F79EFBC}") = "Assembly-CSharp-Editor", "Assembly-CSharp-Editor.csproj", "{67CBBA8F-CE69-2765-55A5-C00F109ADA4F}"
EndProject
Global
	GlobalSection(SolutionConfigurationPlatforms) = preSolution
		Debug|Any CPU = Debug|Any CPU
		Release|Any CPU = Release|Any CPU
	EndGlobalSection
	GlobalSection(ProjectConfigurationPlatforms) = postSolution
		{B58C5A70-A4B8-9DC2-F00C-0FA99A90B34B}.Debug|Any CPU.ActiveCfg = Debug|Any CPU
		{B58C5A70-A4B8-9DC2-F00C-0FA99A90B34B}.Debug|Any CPU.Build.0 = Debug|Any CPU
		{B58C5A70-A4B8-9DC2-F00C-0FA99A90B34B}.Release|Any CPU.ActiveCfg = Release|Any CPU
		{B58C5A70-A4B8-9DC2-F00C-0FA99A90B34B}.Release|Any CPU.Build.0 = Release|Any CPU
		{67CBBA8F-CE69-2765-55A5-C00F109ADA4F}.Debug|Any CPU.ActiveCfg = Debug|Any CPU
		{67CBBA8F-CE69-2765-55A5-C00F109ADA4F}.Debug|Any CPU.Build.0 = Debug|Any CPU
		{67CBBA8F-CE69-2765-55A5-C00F109ADA4F}.Release|Any CPU.ActiveCfg = Release|Any CPU
		{67CBBA8F-CE69-2765-55A5-C00F109ADA4F}.Release|Any CPU.Build.0 = Release|Any CPU
	EndGlobalSection
	GlobalSection(SolutionProperties) = preSolution
		HideSolutionNode = FALSE
	EndGlobalSection
EndGlobal
