
Microsoft Visual Studio Solution File, Format Version 11.00
# Visual Studio 2010
Project("{FAE04EC0-301F-11D3-BF4B-00C04F79EFBC}") = "VOICERACERS", "Assembly-CSharp.csproj", "{6409F820-3217-D7B4-4EE4-37BCDEFC84E7}"
EndProject
Project("{6E8FEA98-F6FF-F26A-67E3-3D77AF798880}") = "VOICERACERS", "Assembly-UnityScript.unityproj", "{62CDF3A6-0FFE-0EE0-8DC8-9582B0B30D2B}"
EndProject
Project("{FAE04EC0-301F-11D3-BF4B-00C04F79EFBC}") = "VOICERACERS", "Assembly-CSharp-Editor.csproj", "{C06574AA-E375-132C-203F-86C6ABFFC6A7}"
EndProject
Global
	GlobalSection(SolutionConfigurationPlatforms) = preSolution
		Debug|Any CPU = Debug|Any CPU
		Release|Any CPU = Release|Any CPU
	EndGlobalSection
	GlobalSection(ProjectConfigurationPlatforms) = postSolution
		{6409F820-3217-D7B4-4EE4-37BCDEFC84E7}.Debug|Any CPU.ActiveCfg = Debug|Any CPU
		{6409F820-3217-D7B4-4EE4-37BCDEFC84E7}.Debug|Any CPU.Build.0 = Debug|Any CPU
		{6409F820-3217-D7B4-4EE4-37BCDEFC84E7}.Release|Any CPU.ActiveCfg = Release|Any CPU
		{6409F820-3217-D7B4-4EE4-37BCDEFC84E7}.Release|Any CPU.Build.0 = Release|Any CPU
		{62CDF3A6-0FFE-0EE0-8DC8-9582B0B30D2B}.Debug|Any CPU.ActiveCfg = Debug|Any CPU
		{62CDF3A6-0FFE-0EE0-8DC8-9582B0B30D2B}.Debug|Any CPU.Build.0 = Debug|Any CPU
		{62CDF3A6-0FFE-0EE0-8DC8-9582B0B30D2B}.Release|Any CPU.ActiveCfg = Release|Any CPU
		{62CDF3A6-0FFE-0EE0-8DC8-9582B0B30D2B}.Release|Any CPU.Build.0 = Release|Any CPU
		{C06574AA-E375-132C-203F-86C6ABFFC6A7}.Debug|Any CPU.ActiveCfg = Debug|Any CPU
		{C06574AA-E375-132C-203F-86C6ABFFC6A7}.Debug|Any CPU.Build.0 = Debug|Any CPU
		{C06574AA-E375-132C-203F-86C6ABFFC6A7}.Release|Any CPU.ActiveCfg = Release|Any CPU
		{C06574AA-E375-132C-203F-86C6ABFFC6A7}.Release|Any CPU.Build.0 = Release|Any CPU
	EndGlobalSection
	GlobalSection(SolutionProperties) = preSolution
		HideSolutionNode = FALSE
	EndGlobalSection
	GlobalSection(MonoDevelopProperties) = preSolution
		StartupItem = Assembly-CSharp.csproj
	EndGlobalSection
EndGlobal
